
Microsoft Visual Studio Solution File, Format Version 12.00
# Visual Studio Version 17
VisualStudioVersion = 17.6.33801.468
MinimumVisualStudioVersion = 10.0.40219.1
Project("{FAE04EC0-301F-11D3-BF4B-00C04F79EFBC}") = "ConsoleApp9-Homework-SmartHome", "ConsoleApp9-Homework-SmartHome.csproj", "{DA5A6B3E-C314-4074-B144-E9EDDAA8BB8B}"
EndProject
Global
	GlobalSection(SolutionConfigurationPlatforms) = preSolution
		Debug|Any CPU = Debug|Any CPU
		Release|Any CPU = Release|Any CPU
	EndGlobalSection
	GlobalSection(ProjectConfigurationPlatforms) = postSolution
		{DA5A6B3E-C314-4074-B144-E9EDDAA8BB8B}.Debug|Any CPU.ActiveCfg = Debug|Any CPU
		{DA5A6B3E-C314-4074-B144-E9EDDAA8BB8B}.Debug|Any CPU.Build.0 = Debug|Any CPU
		{DA5A6B3E-C314-4074-B144-E9EDDAA8BB8B}.Release|Any CPU.ActiveCfg = Release|Any CPU
		{DA5A6B3E-C314-4074-B144-E9EDDAA8BB8B}.Release|Any CPU.Build.0 = Release|Any CPU
	EndGlobalSection
	GlobalSection(SolutionProperties) = preSolution
		HideSolutionNode = FALSE
	EndGlobalSection
	GlobalSection(ExtensibilityGlobals) = postSolution
		SolutionGuid = {82F36A55-5CD4-48EA-85E0-5B95927DCFED}
	EndGlobalSection
EndGlobal
